
Microsoft Visual Studio Solution File, Format Version 12.00
# Visual Studio Version 16
VisualStudioVersion = 16.0.29418.71
MinimumVisualStudioVersion = 10.0.40219.1
Project("{FAE04EC0-301F-11D3-BF4B-00C04F79EFBC}") = "WEB.AQTV.SAS", "WEB.AQTV.SAS\WEB.AQTV.SAS.csproj", "{1B2E4E4C-6D18-40BF-B3B3-E40A8377CC64}"
EndProject
Project("{FAE04EC0-301F-11D3-BF4B-00C04F79EFBC}") = "CAD", "CAD\CAD.csproj", "{F53B21C2-8CEA-4071-8B90-5BD0BD1CB4D7}"
EndProject
Project("{FAE04EC0-301F-11D3-BF4B-00C04F79EFBC}") = "BL", "BL\BL.csproj", "{61333C31-9F1C-4728-8CB9-034B73D00F8D}"
EndProject
Global
	GlobalSection(SolutionConfigurationPlatforms) = preSolution
		Debug|Any CPU = Debug|Any CPU
		Release|Any CPU = Release|Any CPU
	EndGlobalSection
	GlobalSection(ProjectConfigurationPlatforms) = postSolution
		{1B2E4E4C-6D18-40BF-B3B3-E40A8377CC64}.Debug|Any CPU.ActiveCfg = Debug|Any CPU
		{1B2E4E4C-6D18-40BF-B3B3-E40A8377CC64}.Debug|Any CPU.Build.0 = Debug|Any CPU
		{1B2E4E4C-6D18-40BF-B3B3-E40A8377CC64}.Release|Any CPU.ActiveCfg = Release|Any CPU
		{1B2E4E4C-6D18-40BF-B3B3-E40A8377CC64}.Release|Any CPU.Build.0 = Release|Any CPU
		{F53B21C2-8CEA-4071-8B90-5BD0BD1CB4D7}.Debug|Any CPU.ActiveCfg = Debug|Any CPU
		{F53B21C2-8CEA-4071-8B90-5BD0BD1CB4D7}.Debug|Any CPU.Build.0 = Debug|Any CPU
		{F53B21C2-8CEA-4071-8B90-5BD0BD1CB4D7}.Release|Any CPU.ActiveCfg = Release|Any CPU
		{F53B21C2-8CEA-4071-8B90-5BD0BD1CB4D7}.Release|Any CPU.Build.0 = Release|Any CPU
		{61333C31-9F1C-4728-8CB9-034B73D00F8D}.Debug|Any CPU.ActiveCfg = Debug|Any CPU
		{61333C31-9F1C-4728-8CB9-034B73D00F8D}.Debug|Any CPU.Build.0 = Debug|Any CPU
		{61333C31-9F1C-4728-8CB9-034B73D00F8D}.Release|Any CPU.ActiveCfg = Release|Any CPU
		{61333C31-9F1C-4728-8CB9-034B73D00F8D}.Release|Any CPU.Build.0 = Release|Any CPU
	EndGlobalSection
	GlobalSection(SolutionProperties) = preSolution
		HideSolutionNode = FALSE
	EndGlobalSection
	GlobalSection(ExtensibilityGlobals) = postSolution
		SolutionGuid = {D65BC4AA-27AC-4103-98BA-BEA7FF722F07}
	EndGlobalSection
EndGlobal
